
Microsoft Visual Studio Solution File, Format Version 12.00
# Visual Studio Version 16
VisualStudioVersion = 16.0.30114.105
MinimumVisualStudioVersion = 10.0.40219.1
Project("{FAE04EC0-301F-11D3-BF4B-00C04F79EFBC}") = "Deskstar", "Deskstar\Deskstar.csproj", "{EBFF7B51-50A5-4B4E-887A-740839CF41E9}"
EndProject
Project("{FAE04EC0-301F-11D3-BF4B-00C04F79EFBC}") = "Teststar.Tests", "Teststar.Tests\Teststar.Tests.csproj", "{476EAF6C-8B0B-43FB-9083-D5DA76A19C75}"
EndProject
Global
	GlobalSection(SolutionConfigurationPlatforms) = preSolution
		Debug|Any CPU = Debug|Any CPU
		Release|Any CPU = Release|Any CPU
	EndGlobalSection
	GlobalSection(SolutionProperties) = preSolution
		HideSolutionNode = FALSE
	EndGlobalSection
	GlobalSection(ProjectConfigurationPlatforms) = postSolution
		{EBFF7B51-50A5-4B4E-887A-740839CF41E9}.Debug|Any CPU.ActiveCfg = Debug|Any CPU
		{EBFF7B51-50A5-4B4E-887A-740839CF41E9}.Debug|Any CPU.Build.0 = Debug|Any CPU
		{EBFF7B51-50A5-4B4E-887A-740839CF41E9}.Release|Any CPU.ActiveCfg = Release|Any CPU
		{EBFF7B51-50A5-4B4E-887A-740839CF41E9}.Release|Any CPU.Build.0 = Release|Any CPU
		{476EAF6C-8B0B-43FB-9083-D5DA76A19C75}.Debug|Any CPU.ActiveCfg = Debug|Any CPU
		{476EAF6C-8B0B-43FB-9083-D5DA76A19C75}.Debug|Any CPU.Build.0 = Debug|Any CPU
		{476EAF6C-8B0B-43FB-9083-D5DA76A19C75}.Release|Any CPU.ActiveCfg = Release|Any CPU
		{476EAF6C-8B0B-43FB-9083-D5DA76A19C75}.Release|Any CPU.Build.0 = Release|Any CPU
	EndGlobalSection
EndGlobal
